// !$*UTF8*$!
{
	archiveVersion = 1;
	classes = {
	};
	objectVersion = 51;
	objects = {

/* Begin PBXBuildFile section */
		2264D47324F6127F0056F817 /* CloudService.swift in Sources */ = {isa = PBXBuildFile; fileRef = 2264D47224F6127F0056F817 /* CloudService.swift */; };
		2264D47524F612C20056F817 /* ParseCloudService.swift in Sources */ = {isa = PBXBuildFile; fileRef = 2264D47424F612C20056F817 /* ParseCloudService.swift */; };
		2264D47724F6158C0056F817 /* BaseTableView.swift in Sources */ = {isa = PBXBuildFile; fileRef = 2264D47624F6158C0056F817 /* BaseTableView.swift */; };
		2264D47924F617730056F817 /* ReusableView.swift in Sources */ = {isa = PBXBuildFile; fileRef = 2264D47824F617730056F817 /* ReusableView.swift */; };
		2286E79224F623B1004968F3 /* TVShowTableViewCell.xib in Resources */ = {isa = PBXBuildFile; fileRef = 2286E79124F623B1004968F3 /* TVShowTableViewCell.xib */; };
		2286E79424F626FF004968F3 /* SceneDelegate.swift in Sources */ = {isa = PBXBuildFile; fileRef = 2286E79324F626FF004968F3 /* SceneDelegate.swift */; };
		2286E79724F644AE004968F3 /* CarauselTableViewCell.swift in Sources */ = {isa = PBXBuildFile; fileRef = 2286E79524F644AE004968F3 /* CarauselTableViewCell.swift */; };
		2286E79824F644AE004968F3 /* CarauselTableViewCell.xib in Resources */ = {isa = PBXBuildFile; fileRef = 2286E79624F644AE004968F3 /* CarauselTableViewCell.xib */; };
		2293D78624F580FA00371529 /* Date+Extension.swift in Sources */ = {isa = PBXBuildFile; fileRef = 2293D78524F580FA00371529 /* Date+Extension.swift */; };
		2293D78824F58A8000371529 /* RoundedButton.swift in Sources */ = {isa = PBXBuildFile; fileRef = 2293D78724F58A8000371529 /* RoundedButton.swift */; };
		2293D78B24F5959900371529 /* ViewService.swift in Sources */ = {isa = PBXBuildFile; fileRef = 2293D78A24F5959900371529 /* ViewService.swift */; };
		2293D78F24F60F1F00371529 /* RoundedView.swift in Sources */ = {isa = PBXBuildFile; fileRef = 2293D78E24F60F1F00371529 /* RoundedView.swift */; };
		22A4A4A724F5772D008BAB1E /* UIViewController+Extension.swift in Sources */ = {isa = PBXBuildFile; fileRef = 22A4A4A624F5772D008BAB1E /* UIViewController+Extension.swift */; };
		22A4A4A924F57A1D008BAB1E /* String+Extension.swift in Sources */ = {isa = PBXBuildFile; fileRef = 22A4A4A824F57A1D008BAB1E /* String+Extension.swift */; };
		22A9A8A124F6B9240006D124 /* TVShowCollectionViewCell.swift in Sources */ = {isa = PBXBuildFile; fileRef = 22A9A89F24F6B9240006D124 /* TVShowCollectionViewCell.swift */; };
		22A9A8A224F6B9240006D124 /* TVShowCollectionViewCell.xib in Resources */ = {isa = PBXBuildFile; fileRef = 22A9A8A024F6B9240006D124 /* TVShowCollectionViewCell.xib */; };
		22A9A8A424F6BB480006D124 /* SlideInfo.swift in Sources */ = {isa = PBXBuildFile; fileRef = 22A9A8A324F6BB480006D124 /* SlideInfo.swift */; };
		22A9A8A624F6BC050006D124 /* UICollectionView+Extension.swift in Sources */ = {isa = PBXBuildFile; fileRef = 22A9A8A524F6BC050006D124 /* UICollectionView+Extension.swift */; };
		22A9A8A824F6CAEE0006D124 /* UITableView+Extension.swift in Sources */ = {isa = PBXBuildFile; fileRef = 22A9A8A724F6CAEE0006D124 /* UITableView+Extension.swift */; };
		22A9A8AA24F6CD1C0006D124 /* UIView+Extension.swift in Sources */ = {isa = PBXBuildFile; fileRef = 22A9A8A924F6CD1C0006D124 /* UIView+Extension.swift */; };
		22A9A8AC24F6CD520006D124 /* ShadowView.swift in Sources */ = {isa = PBXBuildFile; fileRef = 22A9A8AB24F6CD520006D124 /* ShadowView.swift */; };
		2D308C5A24F90001004C917C /* parseCredentials.json in Resources */ = {isa = PBXBuildFile; fileRef = 2D308C5924F90001004C917C /* parseCredentials.json */; };
		2D308C5F24F91EFB004C917C /* AddTVShowVC.swift in Sources */ = {isa = PBXBuildFile; fileRef = 2D308C5C24F91EFA004C917C /* AddTVShowVC.swift */; };
		2D308C6024F91EFB004C917C /* AddTVShowPresenter.swift in Sources */ = {isa = PBXBuildFile; fileRef = 2D308C5D24F91EFA004C917C /* AddTVShowPresenter.swift */; };
		2D308C6124F91EFB004C917C /* AddTVShow.storyboard in Resources */ = {isa = PBXBuildFile; fileRef = 2D308C5E24F91EFA004C917C /* AddTVShow.storyboard */; };
		4BF4AB12440B974677D0BE01 /* Pods_TVShows.framework in Frameworks */ = {isa = PBXBuildFile; fileRef = 7DED6A065E9DC5AFC25C25DB /* Pods_TVShows.framework */; };
		FC71841D24F5109C00448088 /* CloudStoreManager.swift in Sources */ = {isa = PBXBuildFile; fileRef = FC71841C24F5109C00448088 /* CloudStoreManager.swift */; };
		FC71842024F513E000448088 /* Home.storyboard in Resources */ = {isa = PBXBuildFile; fileRef = FC71841F24F513E000448088 /* Home.storyboard */; };
		FC71842424F5140900448088 /* HomeVC.swift in Sources */ = {isa = PBXBuildFile; fileRef = FC71842324F5140900448088 /* HomeVC.swift */; };
		FC71842624F5141600448088 /* HomePresenter.swift in Sources */ = {isa = PBXBuildFile; fileRef = FC71842524F5141600448088 /* HomePresenter.swift */; };
		FC71842924F5196600448088 /* TVShowModel.swift in Sources */ = {isa = PBXBuildFile; fileRef = FC71842824F5196600448088 /* TVShowModel.swift */; };
		FC71843224F524E800448088 /* BorderedTextField.swift in Sources */ = {isa = PBXBuildFile; fileRef = FC71843124F524E800448088 /* BorderedTextField.swift */; };
		FC764F7424F50D1F0024D5C0 /* Constants.swift in Sources */ = {isa = PBXBuildFile; fileRef = FC764F7324F50D1F0024D5C0 /* Constants.swift */; };
		FCB4A93924F50C4E00940416 /* AppDelegate.swift in Sources */ = {isa = PBXBuildFile; fileRef = FCB4A93824F50C4E00940416 /* AppDelegate.swift */; };
		FCB4A94224F50C5400940416 /* Assets.xcassets in Resources */ = {isa = PBXBuildFile; fileRef = FCB4A94124F50C5400940416 /* Assets.xcassets */; };
		FCB4A94524F50C5400940416 /* LaunchScreen.storyboard in Resources */ = {isa = PBXBuildFile; fileRef = FCB4A94324F50C5400940416 /* LaunchScreen.storyboard */; };
		FCFE1F7824F538C800C22A48 /* TVShowTableViewCell.swift in Sources */ = {isa = PBXBuildFile; fileRef = FCFE1F7724F538C800C22A48 /* TVShowTableViewCell.swift */; };
		FCFE1F7A24F5433600C22A48 /* ClientCredentials.swift in Sources */ = {isa = PBXBuildFile; fileRef = FCFE1F7924F5433600C22A48 /* ClientCredentials.swift */; };
		FCFE1F7E24F5470D00C22A48 /* Decodable+Extension.swift in Sources */ = {isa = PBXBuildFile; fileRef = FCFE1F7D24F5470D00C22A48 /* Decodable+Extension.swift */; };
/* End PBXBuildFile section */

/* Begin PBXFileReference section */
		2264D47224F6127F0056F817 /* CloudService.swift */ = {isa = PBXFileReference; lastKnownFileType = sourcecode.swift; path = CloudService.swift; sourceTree = "<group>"; };
		2264D47424F612C20056F817 /* ParseCloudService.swift */ = {isa = PBXFileReference; lastKnownFileType = sourcecode.swift; path = ParseCloudService.swift; sourceTree = "<group>"; };
		2264D47624F6158C0056F817 /* BaseTableView.swift */ = {isa = PBXFileReference; lastKnownFileType = sourcecode.swift; path = BaseTableView.swift; sourceTree = "<group>"; };
		2264D47824F617730056F817 /* ReusableView.swift */ = {isa = PBXFileReference; lastKnownFileType = sourcecode.swift; path = ReusableView.swift; sourceTree = "<group>"; };
		2286E79124F623B1004968F3 /* TVShowTableViewCell.xib */ = {isa = PBXFileReference; lastKnownFileType = file.xib; path = TVShowTableViewCell.xib; sourceTree = "<group>"; };
		2286E79324F626FF004968F3 /* SceneDelegate.swift */ = {isa = PBXFileReference; fileEncoding = 4; lastKnownFileType = sourcecode.swift; path = SceneDelegate.swift; sourceTree = "<group>"; };
		2286E79524F644AE004968F3 /* CarauselTableViewCell.swift */ = {isa = PBXFileReference; lastKnownFileType = sourcecode.swift; path = CarauselTableViewCell.swift; sourceTree = "<group>"; };
		2286E79624F644AE004968F3 /* CarauselTableViewCell.xib */ = {isa = PBXFileReference; lastKnownFileType = file.xib; path = CarauselTableViewCell.xib; sourceTree = "<group>"; };
		2293D78524F580FA00371529 /* Date+Extension.swift */ = {isa = PBXFileReference; lastKnownFileType = sourcecode.swift; path = "Date+Extension.swift"; sourceTree = "<group>"; };
		2293D78724F58A8000371529 /* RoundedButton.swift */ = {isa = PBXFileReference; lastKnownFileType = sourcecode.swift; path = RoundedButton.swift; sourceTree = "<group>"; };
		2293D78A24F5959900371529 /* ViewService.swift */ = {isa = PBXFileReference; lastKnownFileType = sourcecode.swift; path = ViewService.swift; sourceTree = "<group>"; };
		2293D78E24F60F1F00371529 /* RoundedView.swift */ = {isa = PBXFileReference; lastKnownFileType = sourcecode.swift; path = RoundedView.swift; sourceTree = "<group>"; };
		22A4A4A624F5772D008BAB1E /* UIViewController+Extension.swift */ = {isa = PBXFileReference; lastKnownFileType = sourcecode.swift; path = "UIViewController+Extension.swift"; sourceTree = "<group>"; };
		22A4A4A824F57A1D008BAB1E /* String+Extension.swift */ = {isa = PBXFileReference; lastKnownFileType = sourcecode.swift; path = "String+Extension.swift"; sourceTree = "<group>"; };
		22A9A89F24F6B9240006D124 /* TVShowCollectionViewCell.swift */ = {isa = PBXFileReference; lastKnownFileType = sourcecode.swift; path = TVShowCollectionViewCell.swift; sourceTree = "<group>"; };
		22A9A8A024F6B9240006D124 /* TVShowCollectionViewCell.xib */ = {isa = PBXFileReference; lastKnownFileType = file.xib; path = TVShowCollectionViewCell.xib; sourceTree = "<group>"; };
		22A9A8A324F6BB480006D124 /* SlideInfo.swift */ = {isa = PBXFileReference; lastKnownFileType = sourcecode.swift; path = SlideInfo.swift; sourceTree = "<group>"; };
		22A9A8A524F6BC050006D124 /* UICollectionView+Extension.swift */ = {isa = PBXFileReference; lastKnownFileType = sourcecode.swift; path = "UICollectionView+Extension.swift"; sourceTree = "<group>"; };
		22A9A8A724F6CAEE0006D124 /* UITableView+Extension.swift */ = {isa = PBXFileReference; lastKnownFileType = sourcecode.swift; path = "UITableView+Extension.swift"; sourceTree = "<group>"; };
		22A9A8A924F6CD1C0006D124 /* UIView+Extension.swift */ = {isa = PBXFileReference; lastKnownFileType = sourcecode.swift; path = "UIView+Extension.swift"; sourceTree = "<group>"; };
		22A9A8AB24F6CD520006D124 /* ShadowView.swift */ = {isa = PBXFileReference; lastKnownFileType = sourcecode.swift; path = ShadowView.swift; sourceTree = "<group>"; };
		2D308C5924F90001004C917C /* parseCredentials.json */ = {isa = PBXFileReference; fileEncoding = 4; lastKnownFileType = text.json; path = parseCredentials.json; sourceTree = "<group>"; };
		2D308C5C24F91EFA004C917C /* AddTVShowVC.swift */ = {isa = PBXFileReference; fileEncoding = 4; lastKnownFileType = sourcecode.swift; path = AddTVShowVC.swift; sourceTree = "<group>"; };
		2D308C5D24F91EFA004C917C /* AddTVShowPresenter.swift */ = {isa = PBXFileReference; fileEncoding = 4; lastKnownFileType = sourcecode.swift; path = AddTVShowPresenter.swift; sourceTree = "<group>"; };
		2D308C5E24F91EFA004C917C /* AddTVShow.storyboard */ = {isa = PBXFileReference; fileEncoding = 4; lastKnownFileType = file.storyboard; path = AddTVShow.storyboard; sourceTree = "<group>"; };
		7DED6A065E9DC5AFC25C25DB /* Pods_TVShows.framework */ = {isa = PBXFileReference; explicitFileType = wrapper.framework; includeInIndex = 0; path = Pods_TVShows.framework; sourceTree = BUILT_PRODUCTS_DIR; };
		A1323F72EF6AC6247466A18D /* Pods-TVShows.debug.xcconfig */ = {isa = PBXFileReference; includeInIndex = 1; lastKnownFileType = text.xcconfig; name = "Pods-TVShows.debug.xcconfig"; path = "Target Support Files/Pods-TVShows/Pods-TVShows.debug.xcconfig"; sourceTree = "<group>"; };
		AD9A4D5024B67CD8A8968D74 /* Pods-TVShows.release.xcconfig */ = {isa = PBXFileReference; includeInIndex = 1; lastKnownFileType = text.xcconfig; name = "Pods-TVShows.release.xcconfig"; path = "Target Support Files/Pods-TVShows/Pods-TVShows.release.xcconfig"; sourceTree = "<group>"; };
		FC71841C24F5109C00448088 /* CloudStoreManager.swift */ = {isa = PBXFileReference; lastKnownFileType = sourcecode.swift; path = CloudStoreManager.swift; sourceTree = "<group>"; };
		FC71841F24F513E000448088 /* Home.storyboard */ = {isa = PBXFileReference; lastKnownFileType = file.storyboard; path = Home.storyboard; sourceTree = "<group>"; };
		FC71842324F5140900448088 /* HomeVC.swift */ = {isa = PBXFileReference; lastKnownFileType = sourcecode.swift; path = HomeVC.swift; sourceTree = "<group>"; };
		FC71842524F5141600448088 /* HomePresenter.swift */ = {isa = PBXFileReference; lastKnownFileType = sourcecode.swift; path = HomePresenter.swift; sourceTree = "<group>"; };
		FC71842824F5196600448088 /* TVShowModel.swift */ = {isa = PBXFileReference; lastKnownFileType = sourcecode.swift; path = TVShowModel.swift; sourceTree = "<group>"; };
		FC71843124F524E800448088 /* BorderedTextField.swift */ = {isa = PBXFileReference; lastKnownFileType = sourcecode.swift; path = BorderedTextField.swift; sourceTree = "<group>"; };
		FC764F7324F50D1F0024D5C0 /* Constants.swift */ = {isa = PBXFileReference; lastKnownFileType = sourcecode.swift; path = Constants.swift; sourceTree = "<group>"; };
		FCB4A93524F50C4E00940416 /* TVShows.app */ = {isa = PBXFileReference; explicitFileType = wrapper.application; includeInIndex = 0; path = TVShows.app; sourceTree = BUILT_PRODUCTS_DIR; };
		FCB4A93824F50C4E00940416 /* AppDelegate.swift */ = {isa = PBXFileReference; lastKnownFileType = sourcecode.swift; path = AppDelegate.swift; sourceTree = "<group>"; };
		FCB4A94124F50C5400940416 /* Assets.xcassets */ = {isa = PBXFileReference; lastKnownFileType = folder.assetcatalog; path = Assets.xcassets; sourceTree = "<group>"; };
		FCB4A94424F50C5400940416 /* Base */ = {isa = PBXFileReference; lastKnownFileType = file.storyboard; name = Base; path = Base.lproj/LaunchScreen.storyboard; sourceTree = "<group>"; };
		FCB4A94624F50C5400940416 /* Info.plist */ = {isa = PBXFileReference; lastKnownFileType = text.plist.xml; path = Info.plist; sourceTree = "<group>"; };
		FCFE1F7724F538C800C22A48 /* TVShowTableViewCell.swift */ = {isa = PBXFileReference; lastKnownFileType = sourcecode.swift; path = TVShowTableViewCell.swift; sourceTree = "<group>"; };
		FCFE1F7924F5433600C22A48 /* ClientCredentials.swift */ = {isa = PBXFileReference; lastKnownFileType = sourcecode.swift; path = ClientCredentials.swift; sourceTree = "<group>"; };
		FCFE1F7D24F5470D00C22A48 /* Decodable+Extension.swift */ = {isa = PBXFileReference; lastKnownFileType = sourcecode.swift; path = "Decodable+Extension.swift"; sourceTree = "<group>"; };
/* End PBXFileReference section */

/* Begin PBXFrameworksBuildPhase section */
		FCB4A93224F50C4E00940416 /* Frameworks */ = {
			isa = PBXFrameworksBuildPhase;
			buildActionMask = 2147483647;
			files = (
				4BF4AB12440B974677D0BE01 /* Pods_TVShows.framework in Frameworks */,
			);
			runOnlyForDeploymentPostprocessing = 0;
		};
/* End PBXFrameworksBuildPhase section */

/* Begin PBXGroup section */
		2264D46F24F611E30056F817 /* Protocols */ = {
			isa = PBXGroup;
			children = (
				2264D47824F617730056F817 /* ReusableView.swift */,
				2293D78A24F5959900371529 /* ViewService.swift */,
			);
			path = Protocols;
			sourceTree = "<group>";
		};
		2264D47024F612220056F817 /* CloudStore */ = {
			isa = PBXGroup;
			children = (
				FC71841C24F5109C00448088 /* CloudStoreManager.swift */,
				2264D47124F612420056F817 /* Service */,
			);
			path = CloudStore;
			sourceTree = "<group>";
		};
		2264D47124F612420056F817 /* Service */ = {
			isa = PBXGroup;
			children = (
				2264D47224F6127F0056F817 /* CloudService.swift */,
				2264D47424F612C20056F817 /* ParseCloudService.swift */,
			);
			path = Service;
			sourceTree = "<group>";
		};
		2264D47A24F619340056F817 /* TVShows */ = {
			isa = PBXGroup;
			children = (
				FCFE1F7724F538C800C22A48 /* TVShowTableViewCell.swift */,
				2286E79124F623B1004968F3 /* TVShowTableViewCell.xib */,
			);
			path = TVShows;
			sourceTree = "<group>";
		};
		22815CE224F788CB0074DA35 /* UIClasses */ = {
			isa = PBXGroup;
			children = (
				2264D47624F6158C0056F817 /* BaseTableView.swift */,
			);
			path = UIClasses;
			sourceTree = "<group>";
		};
		22815CE424F79CBE0074DA35 /* UIComponents */ = {
			isa = PBXGroup;
			children = (
				22A9A89E24F6B8B90006D124 /* CollectionViewCells */,
				2293D78C24F6092000371529 /* TableViewCells */,
			);
			path = UIComponents;
			sourceTree = "<group>";
		};
		2286E79924F644B9004968F3 /* CarauselTableViewCell */ = {
			isa = PBXGroup;
			children = (
				2286E79524F644AE004968F3 /* CarauselTableViewCell.swift */,
				2286E79624F644AE004968F3 /* CarauselTableViewCell.xib */,
			);
			path = CarauselTableViewCell;
			sourceTree = "<group>";
		};
		2293D78924F5958200371529 /* Base */ = {
			isa = PBXGroup;
			children = (
				22815CE224F788CB0074DA35 /* UIClasses */,
				2264D46F24F611E30056F817 /* Protocols */,
			);
			path = Base;
			sourceTree = "<group>";
		};
		2293D78C24F6092000371529 /* TableViewCells */ = {
			isa = PBXGroup;
			children = (
				2264D47A24F619340056F817 /* TVShows */,
				2286E79924F644B9004968F3 /* CarauselTableViewCell */,
			);
			path = TableViewCells;
			sourceTree = "<group>";
		};
		22A9A89E24F6B8B90006D124 /* CollectionViewCells */ = {
			isa = PBXGroup;
			children = (
				22A9A89F24F6B9240006D124 /* TVShowCollectionViewCell.swift */,
				22A9A8A024F6B9240006D124 /* TVShowCollectionViewCell.xib */,
			);
			path = CollectionViewCells;
			sourceTree = "<group>";
		};
		2D308C5724F8FFDE004C917C /* Resource */ = {
			isa = PBXGroup;
			children = (
				2D308C5824F8FFE8004C917C /* Secrets */,
			);
			path = Resource;
			sourceTree = "<group>";
		};
		2D308C5824F8FFE8004C917C /* Secrets */ = {
			isa = PBXGroup;
			children = (
				2D308C5924F90001004C917C /* parseCredentials.json */,
			);
			path = Secrets;
			sourceTree = "<group>";
		};
		2D308C5B24F91EFA004C917C /* AddTVShow */ = {
			isa = PBXGroup;
			children = (
				2D308C5C24F91EFA004C917C /* AddTVShowVC.swift */,
				2D308C5D24F91EFA004C917C /* AddTVShowPresenter.swift */,
				2D308C5E24F91EFA004C917C /* AddTVShow.storyboard */,
			);
			path = AddTVShow;
			sourceTree = "<group>";
		};
		BFA0C31D9DE4BA04037664A0 /* Frameworks */ = {
			isa = PBXGroup;
			children = (
				7DED6A065E9DC5AFC25C25DB /* Pods_TVShows.framework */,
			);
			name = Frameworks;
			sourceTree = "<group>";
		};
		E4FE7FD64DCE55538CF36B12 /* Pods */ = {
			isa = PBXGroup;
			children = (
				A1323F72EF6AC6247466A18D /* Pods-TVShows.debug.xcconfig */,
				AD9A4D5024B67CD8A8968D74 /* Pods-TVShows.release.xcconfig */,
			);
			path = Pods;
			sourceTree = "<group>";
		};
		FC71841E24F513BD00448088 /* Home */ = {
			isa = PBXGroup;
			children = (
				FC71841F24F513E000448088 /* Home.storyboard */,
				FC71842324F5140900448088 /* HomeVC.swift */,
				FC71842524F5141600448088 /* HomePresenter.swift */,
			);
			path = Home;
			sourceTree = "<group>";
		};
		FC71843024F5249300448088 /* CustomUIComponents */ = {
			isa = PBXGroup;
			children = (
				FC71843124F524E800448088 /* BorderedTextField.swift */,
				2293D78724F58A8000371529 /* RoundedButton.swift */,
				2293D78E24F60F1F00371529 /* RoundedView.swift */,
				22A9A8AB24F6CD520006D124 /* ShadowView.swift */,
			);
			path = CustomUIComponents;
			sourceTree = "<group>";
		};
		FC764F7124F50CF80024D5C0 /* Utils */ = {
			isa = PBXGroup;
			children = (
				FC764F7324F50D1F0024D5C0 /* Constants.swift */,
				FC71843024F5249300448088 /* CustomUIComponents */,
				FC764F7224F50D0B0024D5C0 /* Extensions */,
			);
			path = Utils;
			sourceTree = "<group>";
		};
		FC764F7224F50D0B0024D5C0 /* Extensions */ = {
			isa = PBXGroup;
			children = (
				FCFE1F7D24F5470D00C22A48 /* Decodable+Extension.swift */,
				22A4A4A624F5772D008BAB1E /* UIViewController+Extension.swift */,
				22A4A4A824F57A1D008BAB1E /* String+Extension.swift */,
				2293D78524F580FA00371529 /* Date+Extension.swift */,
				22A9A8A524F6BC050006D124 /* UICollectionView+Extension.swift */,
				22A9A8A724F6CAEE0006D124 /* UITableView+Extension.swift */,
				22A9A8A924F6CD1C0006D124 /* UIView+Extension.swift */,
			);
			path = Extensions;
			sourceTree = "<group>";
		};
		FC764F7524F50D390024D5C0 /* Services */ = {
			isa = PBXGroup;
			children = (
				2264D47024F612220056F817 /* CloudStore */,
			);
			path = Services;
			sourceTree = "<group>";
		};
		FC764F7724F50D5C0024D5C0 /* Screens */ = {
			isa = PBXGroup;
			children = (
				2D308C5B24F91EFA004C917C /* AddTVShow */,
				FC71841E24F513BD00448088 /* Home */,
			);
			path = Screens;
			sourceTree = "<group>";
		};
		FC764F7824F50D6A0024D5C0 /* Models */ = {
			isa = PBXGroup;
			children = (
				FC764F7924F50D920024D5C0 /* Enums */,
				FC71842824F5196600448088 /* TVShowModel.swift */,
				FCFE1F7924F5433600C22A48 /* ClientCredentials.swift */,
				22A9A8A324F6BB480006D124 /* SlideInfo.swift */,
			);
			path = Models;
			sourceTree = "<group>";
		};
		FC764F7924F50D920024D5C0 /* Enums */ = {
			isa = PBXGroup;
			children = (
			);
			path = Enums;
			sourceTree = "<group>";
		};
		FCB4A92C24F50C4E00940416 = {
			isa = PBXGroup;
			children = (
				FCB4A93724F50C4E00940416 /* TVShows */,
				FCB4A93624F50C4E00940416 /* Products */,
				E4FE7FD64DCE55538CF36B12 /* Pods */,
				BFA0C31D9DE4BA04037664A0 /* Frameworks */,
			);
			sourceTree = "<group>";
		};
		FCB4A93624F50C4E00940416 /* Products */ = {
			isa = PBXGroup;
			children = (
				FCB4A93524F50C4E00940416 /* TVShows.app */,
			);
			name = Products;
			sourceTree = "<group>";
		};
		FCB4A93724F50C4E00940416 /* TVShows */ = {
			isa = PBXGroup;
			children = (
				2D308C5724F8FFDE004C917C /* Resource */,
				FCB4A94624F50C5400940416 /* Info.plist */,
				FCB4A94324F50C5400940416 /* LaunchScreen.storyboard */,
				FCB4A93824F50C4E00940416 /* AppDelegate.swift */,
				2286E79324F626FF004968F3 /* SceneDelegate.swift */,
				FCB4A94124F50C5400940416 /* Assets.xcassets */,
				2293D78924F5958200371529 /* Base */,
				22815CE424F79CBE0074DA35 /* UIComponents */,
				FC764F7124F50CF80024D5C0 /* Utils */,
				FC764F7524F50D390024D5C0 /* Services */,
				FC764F7724F50D5C0024D5C0 /* Screens */,
				FC764F7824F50D6A0024D5C0 /* Models */,
			);
			path = TVShows;
			sourceTree = "<group>";
		};
/* End PBXGroup section */

/* Begin PBXNativeTarget section */
		FCB4A93424F50C4E00940416 /* TVShows */ = {
			isa = PBXNativeTarget;
			buildConfigurationList = FCB4A94924F50C5400940416 /* Build configuration list for PBXNativeTarget "TVShows" */;
			buildPhases = (
				777F9316873A81C09CE911C7 /* [CP] Check Pods Manifest.lock */,
				FCB4A93124F50C4E00940416 /* Sources */,
				FCB4A93224F50C4E00940416 /* Frameworks */,
				FCB4A93324F50C4E00940416 /* Resources */,
				1703B26D95956597C1B864FD /* [CP] Embed Pods Frameworks */,
				22815CE524F8091A0074DA35 /* ShellScript */,
			);
			buildRules = (
			);
			dependencies = (
			);
			name = TVShows;
			productName = TVShows;
			productReference = FCB4A93524F50C4E00940416 /* TVShows.app */;
			productType = "com.apple.product-type.application";
		};
/* End PBXNativeTarget section */

/* Begin PBXProject section */
		FCB4A92D24F50C4E00940416 /* Project object */ = {
			isa = PBXProject;
			attributes = {
				LastSwiftUpdateCheck = 1160;
				LastUpgradeCheck = 1160;
				ORGANIZATIONNAME = combyne;
				TargetAttributes = {
					FCB4A93424F50C4E00940416 = {
						CreatedOnToolsVersion = 11.6;
					};
				};
			};
			buildConfigurationList = FCB4A93024F50C4E00940416 /* Build configuration list for PBXProject "TVShows" */;
			compatibilityVersion = "Xcode 9.3";
			developmentRegion = en;
			hasScannedForEncodings = 0;
			knownRegions = (
				en,
				Base,
			);
			mainGroup = FCB4A92C24F50C4E00940416;
			productRefGroup = FCB4A93624F50C4E00940416 /* Products */;
			projectDirPath = "";
			projectRoot = "";
			targets = (
				FCB4A93424F50C4E00940416 /* TVShows */,
			);
		};
/* End PBXProject section */

/* Begin PBXResourcesBuildPhase section */
		FCB4A93324F50C4E00940416 /* Resources */ = {
			isa = PBXResourcesBuildPhase;
			buildActionMask = 2147483647;
			files = (
				FCB4A94524F50C5400940416 /* LaunchScreen.storyboard in Resources */,
				2286E79224F623B1004968F3 /* TVShowTableViewCell.xib in Resources */,
				2D308C5A24F90001004C917C /* parseCredentials.json in Resources */,
				2286E79824F644AE004968F3 /* CarauselTableViewCell.xib in Resources */,
				FCB4A94224F50C5400940416 /* Assets.xcassets in Resources */,
				FC71842024F513E000448088 /* Home.storyboard in Resources */,
				22A9A8A224F6B9240006D124 /* TVShowCollectionViewCell.xib in Resources */,
				2D308C6124F91EFB004C917C /* AddTVShow.storyboard in Resources */,
			);
			runOnlyForDeploymentPostprocessing = 0;
		};
/* End PBXResourcesBuildPhase section */

/* Begin PBXShellScriptBuildPhase section */
		1703B26D95956597C1B864FD /* [CP] Embed Pods Frameworks */ = {
			isa = PBXShellScriptBuildPhase;
			buildActionMask = 2147483647;
			files = (
			);
			inputFileListPaths = (
				"${PODS_ROOT}/Target Support Files/Pods-TVShows/Pods-TVShows-frameworks-${CONFIGURATION}-input-files.xcfilelist",
			);
			name = "[CP] Embed Pods Frameworks";
			outputFileListPaths = (
				"${PODS_ROOT}/Target Support Files/Pods-TVShows/Pods-TVShows-frameworks-${CONFIGURATION}-output-files.xcfilelist",
			);
			runOnlyForDeploymentPostprocessing = 0;
			shellPath = /bin/sh;
			shellScript = "\"${PODS_ROOT}/Target Support Files/Pods-TVShows/Pods-TVShows-frameworks.sh\"\n";
			showEnvVarsInLog = 0;
		};
		22815CE524F8091A0074DA35 /* ShellScript */ = {
			isa = PBXShellScriptBuildPhase;
			buildActionMask = 2147483647;
			files = (
			);
			inputFileListPaths = (
			);
			inputPaths = (
			);
			outputFileListPaths = (
			);
			outputPaths = (
			);
			runOnlyForDeploymentPostprocessing = 0;
			shellPath = /bin/sh;
			shellScript = "\"${PODS_ROOT}/SwiftLint/swiftlint\"\n";
		};
		777F9316873A81C09CE911C7 /* [CP] Check Pods Manifest.lock */ = {
			isa = PBXShellScriptBuildPhase;
			buildActionMask = 2147483647;
			files = (
			);
			inputFileListPaths = (
			);
			inputPaths = (
				"${PODS_PODFILE_DIR_PATH}/Podfile.lock",
				"${PODS_ROOT}/Manifest.lock",
			);
			name = "[CP] Check Pods Manifest.lock";
			outputFileListPaths = (
			);
			outputPaths = (
				"$(DERIVED_FILE_DIR)/Pods-TVShows-checkManifestLockResult.txt",
			);
			runOnlyForDeploymentPostprocessing = 0;
			shellPath = /bin/sh;
			shellScript = "diff \"${PODS_PODFILE_DIR_PATH}/Podfile.lock\" \"${PODS_ROOT}/Manifest.lock\" > /dev/null\nif [ $? != 0 ] ; then\n    # print error to STDERR\n    echo \"error: The sandbox is not in sync with the Podfile.lock. Run 'pod install' or update your CocoaPods installation.\" >&2\n    exit 1\nfi\n# This output is used by Xcode 'outputs' to avoid re-running this script phase.\necho \"SUCCESS\" > \"${SCRIPT_OUTPUT_FILE_0}\"\n";
			showEnvVarsInLog = 0;
		};
/* End PBXShellScriptBuildPhase section */

/* Begin PBXSourcesBuildPhase section */
		FCB4A93124F50C4E00940416 /* Sources */ = {
			isa = PBXSourcesBuildPhase;
			buildActionMask = 2147483647;
			files = (
				2293D78F24F60F1F00371529 /* RoundedView.swift in Sources */,
				22A9A8AA24F6CD1C0006D124 /* UIView+Extension.swift in Sources */,
				22A9A8A424F6BB480006D124 /* SlideInfo.swift in Sources */,
				2286E79724F644AE004968F3 /* CarauselTableViewCell.swift in Sources */,
				FCB4A93924F50C4E00940416 /* AppDelegate.swift in Sources */,
				FC71842424F5140900448088 /* HomeVC.swift in Sources */,
				2293D78B24F5959900371529 /* ViewService.swift in Sources */,
				22A4A4A724F5772D008BAB1E /* UIViewController+Extension.swift in Sources */,
				22A9A8A124F6B9240006D124 /* TVShowCollectionViewCell.swift in Sources */,
				FCFE1F7E24F5470D00C22A48 /* Decodable+Extension.swift in Sources */,
				2286E79424F626FF004968F3 /* SceneDelegate.swift in Sources */,
				2D308C6024F91EFB004C917C /* AddTVShowPresenter.swift in Sources */,
				FCFE1F7A24F5433600C22A48 /* ClientCredentials.swift in Sources */,
				2293D78624F580FA00371529 /* Date+Extension.swift in Sources */,
				FC71841D24F5109C00448088 /* CloudStoreManager.swift in Sources */,
				2264D47524F612C20056F817 /* ParseCloudService.swift in Sources */,
				FC71842624F5141600448088 /* HomePresenter.swift in Sources */,
				2D308C5F24F91EFB004C917C /* AddTVShowVC.swift in Sources */,
				2264D47924F617730056F817 /* ReusableView.swift in Sources */,
				FC71842924F5196600448088 /* TVShowModel.swift in Sources */,
				22A9A8A624F6BC050006D124 /* UICollectionView+Extension.swift in Sources */,
				2293D78824F58A8000371529 /* RoundedButton.swift in Sources */,
				2264D47724F6158C0056F817 /* BaseTableView.swift in Sources */,
				FC764F7424F50D1F0024D5C0 /* Constants.swift in Sources */,
				FCFE1F7824F538C800C22A48 /* TVShowTableViewCell.swift in Sources */,
				22A9A8AC24F6CD520006D124 /* ShadowView.swift in Sources */,
				22A9A8A824F6CAEE0006D124 /* UITableView+Extension.swift in Sources */,
				FC71843224F524E800448088 /* BorderedTextField.swift in Sources */,
				2264D47324F6127F0056F817 /* CloudService.swift in Sources */,
				22A4A4A924F57A1D008BAB1E /* String+Extension.swift in Sources */,
			);
			runOnlyForDeploymentPostprocessing = 0;
		};
/* End PBXSourcesBuildPhase section */

/* Begin PBXVariantGroup section */
		FCB4A94324F50C5400940416 /* LaunchScreen.storyboard */ = {
			isa = PBXVariantGroup;
			children = (
				FCB4A94424F50C5400940416 /* Base */,
			);
			name = LaunchScreen.storyboard;
			sourceTree = "<group>";
		};
/* End PBXVariantGroup section */

/* Begin XCBuildConfiguration section */
		FCB4A94724F50C5400940416 /* Debug */ = {
			isa = XCBuildConfiguration;
			buildSettings = {
				ALWAYS_SEARCH_USER_PATHS = NO;
				CLANG_ANALYZER_NONNULL = YES;
				CLANG_ANALYZER_NUMBER_OBJECT_CONVERSION = YES_AGGRESSIVE;
				CLANG_CXX_LANGUAGE_STANDARD = "gnu++14";
				CLANG_CXX_LIBRARY = "libc++";
				CLANG_ENABLE_MODULES = YES;
				CLANG_ENABLE_OBJC_ARC = YES;
				CLANG_ENABLE_OBJC_WEAK = YES;
				CLANG_WARN_BLOCK_CAPTURE_AUTORELEASING = YES;
				CLANG_WARN_BOOL_CONVERSION = YES;
				CLANG_WARN_COMMA = YES;
				CLANG_WARN_CONSTANT_CONVERSION = YES;
				CLANG_WARN_DEPRECATED_OBJC_IMPLEMENTATIONS = YES;
				CLANG_WARN_DIRECT_OBJC_ISA_USAGE = YES_ERROR;
				CLANG_WARN_DOCUMENTATION_COMMENTS = YES;
				CLANG_WARN_EMPTY_BODY = YES;
				CLANG_WARN_ENUM_CONVERSION = YES;
				CLANG_WARN_INFINITE_RECURSION = YES;
				CLANG_WARN_INT_CONVERSION = YES;
				CLANG_WARN_NON_LITERAL_NULL_CONVERSION = YES;
				CLANG_WARN_OBJC_IMPLICIT_RETAIN_SELF = YES;
				CLANG_WARN_OBJC_LITERAL_CONVERSION = YES;
				CLANG_WARN_OBJC_ROOT_CLASS = YES_ERROR;
				CLANG_WARN_RANGE_LOOP_ANALYSIS = YES;
				CLANG_WARN_STRICT_PROTOTYPES = YES;
				CLANG_WARN_SUSPICIOUS_MOVE = YES;
				CLANG_WARN_UNGUARDED_AVAILABILITY = YES_AGGRESSIVE;
				CLANG_WARN_UNREACHABLE_CODE = YES;
				CLANG_WARN__DUPLICATE_METHOD_MATCH = YES;
				COPY_PHASE_STRIP = NO;
				DEBUG_INFORMATION_FORMAT = dwarf;
				ENABLE_STRICT_OBJC_MSGSEND = YES;
				ENABLE_TESTABILITY = YES;
				GCC_C_LANGUAGE_STANDARD = gnu11;
				GCC_DYNAMIC_NO_PIC = NO;
				GCC_NO_COMMON_BLOCKS = YES;
				GCC_OPTIMIZATION_LEVEL = 0;
				GCC_PREPROCESSOR_DEFINITIONS = (
					"DEBUG=1",
					"$(inherited)",
				);
				GCC_WARN_64_TO_32_BIT_CONVERSION = YES;
				GCC_WARN_ABOUT_RETURN_TYPE = YES_ERROR;
				GCC_WARN_UNDECLARED_SELECTOR = YES;
				GCC_WARN_UNINITIALIZED_AUTOS = YES_AGGRESSIVE;
				GCC_WARN_UNUSED_FUNCTION = YES;
				GCC_WARN_UNUSED_VARIABLE = YES;
				IPHONEOS_DEPLOYMENT_TARGET = 13.6;
				MTL_ENABLE_DEBUG_INFO = INCLUDE_SOURCE;
				MTL_FAST_MATH = YES;
				ONLY_ACTIVE_ARCH = YES;
				SDKROOT = iphoneos;
				SWIFT_ACTIVE_COMPILATION_CONDITIONS = DEBUG;
				SWIFT_OPTIMIZATION_LEVEL = "-Onone";
			};
			name = Debug;
		};
		FCB4A94824F50C5400940416 /* Release */ = {
			isa = XCBuildConfiguration;
			buildSettings = {
				ALWAYS_SEARCH_USER_PATHS = NO;
				CLANG_ANALYZER_NONNULL = YES;
				CLANG_ANALYZER_NUMBER_OBJECT_CONVERSION = YES_AGGRESSIVE;
				CLANG_CXX_LANGUAGE_STANDARD = "gnu++14";
				CLANG_CXX_LIBRARY = "libc++";
				CLANG_ENABLE_MODULES = YES;
				CLANG_ENABLE_OBJC_ARC = YES;
				CLANG_ENABLE_OBJC_WEAK = YES;
				CLANG_WARN_BLOCK_CAPTURE_AUTORELEASING = YES;
				CLANG_WARN_BOOL_CONVERSION = YES;
				CLANG_WARN_COMMA = YES;
				CLANG_WARN_CONSTANT_CONVERSION = YES;
				CLANG_WARN_DEPRECATED_OBJC_IMPLEMENTATIONS = YES;
				CLANG_WARN_DIRECT_OBJC_ISA_USAGE = YES_ERROR;
				CLANG_WARN_DOCUMENTATION_COMMENTS = YES;
				CLANG_WARN_EMPTY_BODY = YES;
				CLANG_WARN_ENUM_CONVERSION = YES;
				CLANG_WARN_INFINITE_RECURSION = YES;
				CLANG_WARN_INT_CONVERSION = YES;
				CLANG_WARN_NON_LITERAL_NULL_CONVERSION = YES;
				CLANG_WARN_OBJC_IMPLICIT_RETAIN_SELF = YES;
				CLANG_WARN_OBJC_LITERAL_CONVERSION = YES;
				CLANG_WARN_OBJC_ROOT_CLASS = YES_ERROR;
				CLANG_WARN_RANGE_LOOP_ANALYSIS = YES;
				CLANG_WARN_STRICT_PROTOTYPES = YES;
				CLANG_WARN_SUSPICIOUS_MOVE = YES;
				CLANG_WARN_UNGUARDED_AVAILABILITY = YES_AGGRESSIVE;
				CLANG_WARN_UNREACHABLE_CODE = YES;
				CLANG_WARN__DUPLICATE_METHOD_MATCH = YES;
				COPY_PHASE_STRIP = NO;
				DEBUG_INFORMATION_FORMAT = "dwarf-with-dsym";
				ENABLE_NS_ASSERTIONS = NO;
				ENABLE_STRICT_OBJC_MSGSEND = YES;
				GCC_C_LANGUAGE_STANDARD = gnu11;
				GCC_NO_COMMON_BLOCKS = YES;
				GCC_WARN_64_TO_32_BIT_CONVERSION = YES;
				GCC_WARN_ABOUT_RETURN_TYPE = YES_ERROR;
				GCC_WARN_UNDECLARED_SELECTOR = YES;
				GCC_WARN_UNINITIALIZED_AUTOS = YES_AGGRESSIVE;
				GCC_WARN_UNUSED_FUNCTION = YES;
				GCC_WARN_UNUSED_VARIABLE = YES;
				IPHONEOS_DEPLOYMENT_TARGET = 13.6;
				MTL_ENABLE_DEBUG_INFO = NO;
				MTL_FAST_MATH = YES;
				SDKROOT = iphoneos;
				SWIFT_COMPILATION_MODE = wholemodule;
				SWIFT_OPTIMIZATION_LEVEL = "-O";
				VALIDATE_PRODUCT = YES;
			};
			name = Release;
		};
		FCB4A94A24F50C5400940416 /* Debug */ = {
			isa = XCBuildConfiguration;
			baseConfigurationReference = A1323F72EF6AC6247466A18D /* Pods-TVShows.debug.xcconfig */;
			buildSettings = {
				ASSETCATALOG_COMPILER_APPICON_NAME = AppIcon;
				CODE_SIGN_STYLE = Automatic;
				INFOPLIST_FILE = TVShows/Info.plist;
				IPHONEOS_DEPLOYMENT_TARGET = 13.0;
				LD_RUNPATH_SEARCH_PATHS = (
					"$(inherited)",
					"@executable_path/Frameworks",
				);
				PRODUCT_BUNDLE_IDENTIFIER = com.combyne.TVShows;
				PRODUCT_NAME = "$(TARGET_NAME)";
				SWIFT_VERSION = 5.0;
				TARGETED_DEVICE_FAMILY = "1,2";
			};
			name = Debug;
		};
		FCB4A94B24F50C5400940416 /* Release */ = {
			isa = XCBuildConfiguration;
			baseConfigurationReference = AD9A4D5024B67CD8A8968D74 /* Pods-TVShows.release.xcconfig */;
			buildSettings = {
				ASSETCATALOG_COMPILER_APPICON_NAME = AppIcon;
				CODE_SIGN_STYLE = Automatic;
				INFOPLIST_FILE = TVShows/Info.plist;
				IPHONEOS_DEPLOYMENT_TARGET = 13.0;
				LD_RUNPATH_SEARCH_PATHS = (
					"$(inherited)",
					"@executable_path/Frameworks",
				);
				PRODUCT_BUNDLE_IDENTIFIER = com.combyne.TVShows;
				PRODUCT_NAME = "$(TARGET_NAME)";
				SWIFT_VERSION = 5.0;
				TARGETED_DEVICE_FAMILY = "1,2";
			};
			name = Release;
		};
/* End XCBuildConfiguration section */

/* Begin XCConfigurationList section */
		FCB4A93024F50C4E00940416 /* Build configuration list for PBXProject "TVShows" */ = {
			isa = XCConfigurationList;
			buildConfigurations = (
				FCB4A94724F50C5400940416 /* Debug */,
				FCB4A94824F50C5400940416 /* Release */,
			);
			defaultConfigurationIsVisible = 0;
			defaultConfigurationName = Release;
		};
		FCB4A94924F50C5400940416 /* Build configuration list for PBXNativeTarget "TVShows" */ = {
			isa = XCConfigurationList;
			buildConfigurations = (
				FCB4A94A24F50C5400940416 /* Debug */,
				FCB4A94B24F50C5400940416 /* Release */,
			);
			defaultConfigurationIsVisible = 0;
			defaultConfigurationName = Release;
		};
/* End XCConfigurationList section */
	};
	rootObject = FCB4A92D24F50C4E00940416 /* Project object */;
}
